
Microsoft Visual Studio Solution File, Format Version 12.00
# Visual Studio Version 16
VisualStudioVersion = 16.0.31624.102
MinimumVisualStudioVersion = 10.0.40219.1
Project("{8BC9CEB8-8B4A-11D0-8D11-00A0C91BC942}") = "Exercise", "Exercise\Exercise.vcxproj", "{D8BBFE0B-AD4F-4DC3-B42A-263B625D78DD}"
EndProject
Global
	GlobalSection(SolutionConfigurationPlatforms) = preSolution
		Debug|x64 = Debug|x64
		Debug|x86 = Debug|x86
		Release|x64 = Release|x64
		Release|x86 = Release|x86
	EndGlobalSection
	GlobalSection(ProjectConfigurationPlatforms) = postSolution
		{D8BBFE0B-AD4F-4DC3-B42A-263B625D78DD}.Debug|x64.ActiveCfg = Debug|x64
		{D8BBFE0B-AD4F-4DC3-B42A-263B625D78DD}.Debug|x64.Build.0 = Debug|x64
		{D8BBFE0B-AD4F-4DC3-B42A-263B625D78DD}.Debug|x86.ActiveCfg = Debug|Win32
		{D8BBFE0B-AD4F-4DC3-B42A-263B625D78DD}.Debug|x86.Build.0 = Debug|Win32
		{D8BBFE0B-AD4F-4DC3-B42A-263B625D78DD}.Release|x64.ActiveCfg = Release|x64
		{D8BBFE0B-AD4F-4DC3-B42A-263B625D78DD}.Release|x64.Build.0 = Release|x64
		{D8BBFE0B-AD4F-4DC3-B42A-263B625D78DD}.Release|x86.ActiveCfg = Release|Win32
		{D8BBFE0B-AD4F-4DC3-B42A-263B625D78DD}.Release|x86.Build.0 = Release|Win32
	EndGlobalSection
	GlobalSection(SolutionProperties) = preSolution
		HideSolutionNode = FALSE
	EndGlobalSection
	GlobalSection(ExtensibilityGlobals) = postSolution
		SolutionGuid = {EAA23DF7-13CC-4772-BBCB-AAC094930E11}
	EndGlobalSection
EndGlobal
